
Microsoft Visual Studio Solution File, Format Version 12.00
# Visual Studio 15
VisualStudioVersion = 15.0.28307.779
MinimumVisualStudioVersion = 10.0.40219.1
Project("{FAE04EC0-301F-11D3-BF4B-00C04F79EFBC}") = "KNNPredictor", "KNNPredictor\KNNPredictor.csproj", "{47E0C9D6-C5E7-45AB-B3FD-981047D7BEBF}"
EndProject
Project("{FAE04EC0-301F-11D3-BF4B-00C04F79EFBC}") = "KNNPredictorTests", "KNNPredictorTests\KNNPredictorTests.csproj", "{ED5F4090-EBF0-4277-B1CF-84D49E36174A}"
EndProject
Global
	GlobalSection(SolutionConfigurationPlatforms) = preSolution
		Debug|Any CPU = Debug|Any CPU
		Release|Any CPU = Release|Any CPU
	EndGlobalSection
	GlobalSection(ProjectConfigurationPlatforms) = postSolution
		{47E0C9D6-C5E7-45AB-B3FD-981047D7BEBF}.Debug|Any CPU.ActiveCfg = Debug|Any CPU
		{47E0C9D6-C5E7-45AB-B3FD-981047D7BEBF}.Debug|Any CPU.Build.0 = Debug|Any CPU
		{47E0C9D6-C5E7-45AB-B3FD-981047D7BEBF}.Release|Any CPU.ActiveCfg = Release|Any CPU
		{47E0C9D6-C5E7-45AB-B3FD-981047D7BEBF}.Release|Any CPU.Build.0 = Release|Any CPU
		{ED5F4090-EBF0-4277-B1CF-84D49E36174A}.Debug|Any CPU.ActiveCfg = Debug|Any CPU
		{ED5F4090-EBF0-4277-B1CF-84D49E36174A}.Debug|Any CPU.Build.0 = Debug|Any CPU
		{ED5F4090-EBF0-4277-B1CF-84D49E36174A}.Release|Any CPU.ActiveCfg = Release|Any CPU
		{ED5F4090-EBF0-4277-B1CF-84D49E36174A}.Release|Any CPU.Build.0 = Release|Any CPU
	EndGlobalSection
	GlobalSection(SolutionProperties) = preSolution
		HideSolutionNode = FALSE
	EndGlobalSection
	GlobalSection(ExtensibilityGlobals) = postSolution
		SolutionGuid = {B5022C8E-E080-49E2-B8FC-AA502A2752D7}
	EndGlobalSection
EndGlobal
